
Microsoft Visual Studio Solution File, Format Version 12.00
# Visual Studio Version 17
VisualStudioVersion = 17.11.35327.3
MinimumVisualStudioVersion = 10.0.40219.1
Project("{FAE04EC0-301F-11D3-BF4B-00C04F79EFBC}") = "Builder", "Builder\Builder.csproj", "{79AD41D9-345D-4945-9E1C-22175898BAB3}"
EndProject
Global
	GlobalSection(SolutionConfigurationPlatforms) = preSolution
		Debug|Any CPU = Debug|Any CPU
		Release|Any CPU = Release|Any CPU
	EndGlobalSection
	GlobalSection(ProjectConfigurationPlatforms) = postSolution
		{79AD41D9-345D-4945-9E1C-22175898BAB3}.Debug|Any CPU.ActiveCfg = Debug|Any CPU
		{79AD41D9-345D-4945-9E1C-22175898BAB3}.Debug|Any CPU.Build.0 = Debug|Any CPU
		{79AD41D9-345D-4945-9E1C-22175898BAB3}.Release|Any CPU.ActiveCfg = Release|Any CPU
		{79AD41D9-345D-4945-9E1C-22175898BAB3}.Release|Any CPU.Build.0 = Release|Any CPU
	EndGlobalSection
	GlobalSection(SolutionProperties) = preSolution
		HideSolutionNode = FALSE
	EndGlobalSection
	GlobalSection(ExtensibilityGlobals) = postSolution
		SolutionGuid = {48F6E4D6-9140-4011-940B-A701D0BE1CA0}
	EndGlobalSection
EndGlobal
